// !$*UTF8*$!
{
	archiveVersion = 1;
	classes = {
	};
	objectVersion = 46;
	objects = {

/* Begin PBXBuildFile section */
		D70F71D41BF673BC007CD716 /* ComposerController.swift in Sources */ = {isa = PBXBuildFile; fileRef = D7D098161BF62D2700256B9C /* ComposerController.swift */; };
		D72C463E1BE511F5000E12B4 /* 32MbGMStereo.sf2 in Resources */ = {isa = PBXBuildFile; fileRef = D72C46391BE511F5000E12B4 /* 32MbGMStereo.sf2 */; };
		D72C463F1BE511F5000E12B4 /* 32MbGMStereo.sf2 in Resources */ = {isa = PBXBuildFile; fileRef = D72C46391BE511F5000E12B4 /* 32MbGMStereo.sf2 */; };
		D741D82C1BE3E93F003B3B00 /* AppDelegate.swift in Sources */ = {isa = PBXBuildFile; fileRef = D741D82B1BE3E93F003B3B00 /* AppDelegate.swift */; };
		D741D82E1BE3E93F003B3B00 /* Document.swift in Sources */ = {isa = PBXBuildFile; fileRef = D741D82D1BE3E93F003B3B00 /* Document.swift */; };
		D741D8311BE3E93F003B3B00 /* Document.xib in Resources */ = {isa = PBXBuildFile; fileRef = D741D82F1BE3E93F003B3B00 /* Document.xib */; };
		D741D8331BE3E93F003B3B00 /* Assets.xcassets in Resources */ = {isa = PBXBuildFile; fileRef = D741D8321BE3E93F003B3B00 /* Assets.xcassets */; };
		D741D8361BE3E93F003B3B00 /* MainMenu.xib in Resources */ = {isa = PBXBuildFile; fileRef = D741D8341BE3E93F003B3B00 /* MainMenu.xib */; };
		D741D8411BE3E93F003B3B00 /* AIComposerTests.swift in Sources */ = {isa = PBXBuildFile; fileRef = D741D8401BE3E93F003B3B00 /* AIComposerTests.swift */; };
		D741D8501BE3E966003B3B00 /* MIDIFileParser.swift in Sources */ = {isa = PBXBuildFile; fileRef = D741D84B1BE3E966003B3B00 /* MIDIFileParser.swift */; };
		D741D8511BE3E966003B3B00 /* MIDIFileParser.swift in Sources */ = {isa = PBXBuildFile; fileRef = D741D84B1BE3E966003B3B00 /* MIDIFileParser.swift */; };
		D741D8521BE3E966003B3B00 /* MusicNote.swift in Sources */ = {isa = PBXBuildFile; fileRef = D741D84C1BE3E966003B3B00 /* MusicNote.swift */; };
		D741D8531BE3E966003B3B00 /* MusicNote.swift in Sources */ = {isa = PBXBuildFile; fileRef = D741D84C1BE3E966003B3B00 /* MusicNote.swift */; };
		D741D8541BE3E966003B3B00 /* MusicChord.swift in Sources */ = {isa = PBXBuildFile; fileRef = D741D84D1BE3E966003B3B00 /* MusicChord.swift */; };
		D741D8551BE3E966003B3B00 /* MusicChord.swift in Sources */ = {isa = PBXBuildFile; fileRef = D741D84D1BE3E966003B3B00 /* MusicChord.swift */; };
		D741D8561BE3E966003B3B00 /* MusicSnippet.swift in Sources */ = {isa = PBXBuildFile; fileRef = D741D84E1BE3E966003B3B00 /* MusicSnippet.swift */; };
		D741D8571BE3E966003B3B00 /* MusicSnippet.swift in Sources */ = {isa = PBXBuildFile; fileRef = D741D84E1BE3E966003B3B00 /* MusicSnippet.swift */; };
		D741D8581BE3E966003B3B00 /* MusicDataSet.swift in Sources */ = {isa = PBXBuildFile; fileRef = D741D84F1BE3E966003B3B00 /* MusicDataSet.swift */; };
		D741D8591BE3E966003B3B00 /* MusicDataSet.swift in Sources */ = {isa = PBXBuildFile; fileRef = D741D84F1BE3E966003B3B00 /* MusicDataSet.swift */; };
		D748B6A01BFF5D0A00BF26FF /* MIDIFilePlayer.swift in Sources */ = {isa = PBXBuildFile; fileRef = D748B69F1BFF5D0A00BF26FF /* MIDIFilePlayer.swift */; };
		D748B6A11BFF6C4900BF26FF /* MIDIFilePlayer.swift in Sources */ = {isa = PBXBuildFile; fileRef = D748B69F1BFF5D0A00BF26FF /* MIDIFilePlayer.swift */; };
		D74F2EAB1BEA58DB00F62DA6 /* Bach-Melody-WithCC20.mid in Resources */ = {isa = PBXBuildFile; fileRef = D74F2EA91BEA58DB00F62DA6 /* Bach-Melody-WithCC20.mid */; };
		D74F2EAC1BEA58DB00F62DA6 /* Bach-Melody-WithCC20.mid in Resources */ = {isa = PBXBuildFile; fileRef = D74F2EA91BEA58DB00F62DA6 /* Bach-Melody-WithCC20.mid */; };
		D74F2EAD1BEA58DB00F62DA6 /* Sample Melody With CC20 Markers.mid in Resources */ = {isa = PBXBuildFile; fileRef = D74F2EAA1BEA58DB00F62DA6 /* Sample Melody With CC20 Markers.mid */; };
		D74F2EAE1BEA58DB00F62DA6 /* Sample Melody With CC20 Markers.mid in Resources */ = {isa = PBXBuildFile; fileRef = D74F2EAA1BEA58DB00F62DA6 /* Sample Melody With CC20 Markers.mid */; };
		D79141D21C0205DE00574ADE /* ClassExtensions.swift in Sources */ = {isa = PBXBuildFile; fileRef = D79141D11C0205DE00574ADE /* ClassExtensions.swift */; };
		D79141D31C0205DE00574ADE /* ClassExtensions.swift in Sources */ = {isa = PBXBuildFile; fileRef = D79141D11C0205DE00574ADE /* ClassExtensions.swift */; };
		D79539441C0602430023F3C0 /* MIDIManager.swift in Sources */ = {isa = PBXBuildFile; fileRef = D79539431C0602430023F3C0 /* MIDIManager.swift */; };
		D79539451C0602430023F3C0 /* MIDIManager.swift in Sources */ = {isa = PBXBuildFile; fileRef = D79539431C0602430023F3C0 /* MIDIManager.swift */; };
		D79539471C06181D0023F3C0 /* MusicPart.swift in Sources */ = {isa = PBXBuildFile; fileRef = D79539461C06181D0023F3C0 /* MusicPart.swift */; };
		D79539481C06181D0023F3C0 /* MusicPart.swift in Sources */ = {isa = PBXBuildFile; fileRef = D79539461C06181D0023F3C0 /* MusicPart.swift */; };
		D7A1E7431BED16EC002F0B4A /* MusicChordProgression.swift in Sources */ = {isa = PBXBuildFile; fileRef = D7A1E7421BED16EC002F0B4A /* MusicChordProgression.swift */; };
		D7A1E7441BED16EC002F0B4A /* MusicChordProgression.swift in Sources */ = {isa = PBXBuildFile; fileRef = D7A1E7421BED16EC002F0B4A /* MusicChordProgression.swift */; };
		D7A1E7461BED4F8B002F0B4A /* ChordProgressionCellView.swift in Sources */ = {isa = PBXBuildFile; fileRef = D7A1E7451BED4F8B002F0B4A /* ChordProgressionCellView.swift */; };
		D7A1E7471BED4F8B002F0B4A /* ChordProgressionCellView.swift in Sources */ = {isa = PBXBuildFile; fileRef = D7A1E7451BED4F8B002F0B4A /* ChordProgressionCellView.swift */; };
		D7A1E7491BEE7D41002F0B4A /* MusicSnippetCellView.swift in Sources */ = {isa = PBXBuildFile; fileRef = D7A1E7481BEE7D41002F0B4A /* MusicSnippetCellView.swift */; };
		D7A1E74A1BEE7D41002F0B4A /* MusicSnippetCellView.swift in Sources */ = {isa = PBXBuildFile; fileRef = D7A1E7481BEE7D41002F0B4A /* MusicSnippetCellView.swift */; };
		D7A1E74C1BEE7E3C002F0B4A /* MIDIDrawView.swift in Sources */ = {isa = PBXBuildFile; fileRef = D7A1E74B1BEE7E3C002F0B4A /* MIDIDrawView.swift */; };
		D7A1E74D1BEE7E3C002F0B4A /* MIDIDrawView.swift in Sources */ = {isa = PBXBuildFile; fileRef = D7A1E74B1BEE7E3C002F0B4A /* MIDIDrawView.swift */; };
		D7A1E74F1BEE8DB8002F0B4A /* ProgressionSet1.mid in Resources */ = {isa = PBXBuildFile; fileRef = D7A1E74E1BEE8DB8002F0B4A /* ProgressionSet1.mid */; };
		D7A1E7501BEE8DB8002F0B4A /* ProgressionSet1.mid in Resources */ = {isa = PBXBuildFile; fileRef = D7A1E74E1BEE8DB8002F0B4A /* ProgressionSet1.mid */; };
		D7A1E7521BEE8DBF002F0B4A /* TestDataSet1.aicomp in Resources */ = {isa = PBXBuildFile; fileRef = D7A1E7511BEE8DBF002F0B4A /* TestDataSet1.aicomp */; };
		D7A1E7531BEE8DBF002F0B4A /* TestDataSet1.aicomp in Resources */ = {isa = PBXBuildFile; fileRef = D7A1E7511BEE8DBF002F0B4A /* TestDataSet1.aicomp */; };
		D7A6AC961C00A3D000B57BAA /* MusicComposition.swift in Sources */ = {isa = PBXBuildFile; fileRef = D7A6AC951C00A3D000B57BAA /* MusicComposition.swift */; };
		D7A6AC971C00A3D000B57BAA /* MusicComposition.swift in Sources */ = {isa = PBXBuildFile; fileRef = D7A6AC951C00A3D000B57BAA /* MusicComposition.swift */; };
		D7B924B11C051EF2008DB12A /* CompositionFileCellView.swift in Sources */ = {isa = PBXBuildFile; fileRef = D7B924B01C051EF2008DB12A /* CompositionFileCellView.swift */; };
		D7B924B21C051EF2008DB12A /* CompositionFileCellView.swift in Sources */ = {isa = PBXBuildFile; fileRef = D7B924B01C051EF2008DB12A /* CompositionFileCellView.swift */; };
		D7B924B51C05F844008DB12A /* MusicMeasure.swift in Sources */ = {isa = PBXBuildFile; fileRef = D7B924B41C05F844008DB12A /* MusicMeasure.swift */; };
		D7B924B61C05F844008DB12A /* MusicMeasure.swift in Sources */ = {isa = PBXBuildFile; fileRef = D7B924B41C05F844008DB12A /* MusicMeasure.swift */; };
		D7D098171BF62D2700256B9C /* ComposerController.swift in Sources */ = {isa = PBXBuildFile; fileRef = D7D098161BF62D2700256B9C /* ComposerController.swift */; };
/* End PBXBuildFile section */

/* Begin PBXContainerItemProxy section */
		D741D83D1BE3E93F003B3B00 /* PBXContainerItemProxy */ = {
			isa = PBXContainerItemProxy;
			containerPortal = D741D8201BE3E93E003B3B00 /* Project object */;
			proxyType = 1;
			remoteGlobalIDString = D741D8271BE3E93F003B3B00;
			remoteInfo = AIComposer;
		};
/* End PBXContainerItemProxy section */

/* Begin PBXFileReference section */
		D72C46391BE511F5000E12B4 /* 32MbGMStereo.sf2 */ = {isa = PBXFileReference; lastKnownFileType = file; path = 32MbGMStereo.sf2; sourceTree = "<group>"; };
		D741D8281BE3E93F003B3B00 /* AIComposer.app */ = {isa = PBXFileReference; explicitFileType = wrapper.application; includeInIndex = 0; path = AIComposer.app; sourceTree = BUILT_PRODUCTS_DIR; };
		D741D82B1BE3E93F003B3B00 /* AppDelegate.swift */ = {isa = PBXFileReference; lastKnownFileType = sourcecode.swift; path = AppDelegate.swift; sourceTree = "<group>"; };
		D741D82D1BE3E93F003B3B00 /* Document.swift */ = {isa = PBXFileReference; lastKnownFileType = sourcecode.swift; path = Document.swift; sourceTree = "<group>"; };
		D741D8301BE3E93F003B3B00 /* Base */ = {isa = PBXFileReference; lastKnownFileType = file.xib; name = Base; path = Base.lproj/Document.xib; sourceTree = "<group>"; };
		D741D8321BE3E93F003B3B00 /* Assets.xcassets */ = {isa = PBXFileReference; lastKnownFileType = folder.assetcatalog; path = Assets.xcassets; sourceTree = "<group>"; };
		D741D8351BE3E93F003B3B00 /* Base */ = {isa = PBXFileReference; lastKnownFileType = file.xib; name = Base; path = Base.lproj/MainMenu.xib; sourceTree = "<group>"; };
		D741D8371BE3E93F003B3B00 /* Info.plist */ = {isa = PBXFileReference; lastKnownFileType = text.plist.xml; path = Info.plist; sourceTree = "<group>"; };
		D741D83C1BE3E93F003B3B00 /* AIComposerTests.xctest */ = {isa = PBXFileReference; explicitFileType = wrapper.cfbundle; includeInIndex = 0; path = AIComposerTests.xctest; sourceTree = BUILT_PRODUCTS_DIR; };
		D741D8401BE3E93F003B3B00 /* AIComposerTests.swift */ = {isa = PBXFileReference; lastKnownFileType = sourcecode.swift; path = AIComposerTests.swift; sourceTree = "<group>"; };
		D741D8421BE3E93F003B3B00 /* Info.plist */ = {isa = PBXFileReference; lastKnownFileType = text.plist.xml; path = Info.plist; sourceTree = "<group>"; };
		D741D84B1BE3E966003B3B00 /* MIDIFileParser.swift */ = {isa = PBXFileReference; fileEncoding = 4; lastKnownFileType = sourcecode.swift; path = MIDIFileParser.swift; sourceTree = "<group>"; };
		D741D84C1BE3E966003B3B00 /* MusicNote.swift */ = {isa = PBXFileReference; fileEncoding = 4; lastKnownFileType = sourcecode.swift; path = MusicNote.swift; sourceTree = "<group>"; };
		D741D84D1BE3E966003B3B00 /* MusicChord.swift */ = {isa = PBXFileReference; fileEncoding = 4; lastKnownFileType = sourcecode.swift; path = MusicChord.swift; sourceTree = "<group>"; };
		D741D84E1BE3E966003B3B00 /* MusicSnippet.swift */ = {isa = PBXFileReference; fileEncoding = 4; lastKnownFileType = sourcecode.swift; path = MusicSnippet.swift; sourceTree = "<group>"; };
		D741D84F1BE3E966003B3B00 /* MusicDataSet.swift */ = {isa = PBXFileReference; fileEncoding = 4; lastKnownFileType = sourcecode.swift; path = MusicDataSet.swift; sourceTree = "<group>"; };
		D748B69F1BFF5D0A00BF26FF /* MIDIFilePlayer.swift */ = {isa = PBXFileReference; fileEncoding = 4; lastKnownFileType = sourcecode.swift; path = MIDIFilePlayer.swift; sourceTree = "<group>"; };
		D74F2EA91BEA58DB00F62DA6 /* Bach-Melody-WithCC20.mid */ = {isa = PBXFileReference; lastKnownFileType = audio.midi; path = "Bach-Melody-WithCC20.mid"; sourceTree = "<group>"; };
		D74F2EAA1BEA58DB00F62DA6 /* Sample Melody With CC20 Markers.mid */ = {isa = PBXFileReference; lastKnownFileType = audio.midi; path = "Sample Melody With CC20 Markers.mid"; sourceTree = "<group>"; };
		D79141D11C0205DE00574ADE /* ClassExtensions.swift */ = {isa = PBXFileReference; fileEncoding = 4; lastKnownFileType = sourcecode.swift; path = ClassExtensions.swift; sourceTree = "<group>"; };
		D79539431C0602430023F3C0 /* MIDIManager.swift */ = {isa = PBXFileReference; fileEncoding = 4; lastKnownFileType = sourcecode.swift; path = MIDIManager.swift; sourceTree = "<group>"; };
		D79539461C06181D0023F3C0 /* MusicPart.swift */ = {isa = PBXFileReference; fileEncoding = 4; lastKnownFileType = sourcecode.swift; path = MusicPart.swift; sourceTree = "<group>"; };
		D7A1E7421BED16EC002F0B4A /* MusicChordProgression.swift */ = {isa = PBXFileReference; fileEncoding = 4; lastKnownFileType = sourcecode.swift; path = MusicChordProgression.swift; sourceTree = "<group>"; };
		D7A1E7451BED4F8B002F0B4A /* ChordProgressionCellView.swift */ = {isa = PBXFileReference; fileEncoding = 4; lastKnownFileType = sourcecode.swift; path = ChordProgressionCellView.swift; sourceTree = "<group>"; };
		D7A1E7481BEE7D41002F0B4A /* MusicSnippetCellView.swift */ = {isa = PBXFileReference; fileEncoding = 4; lastKnownFileType = sourcecode.swift; path = MusicSnippetCellView.swift; sourceTree = "<group>"; };
		D7A1E74B1BEE7E3C002F0B4A /* MIDIDrawView.swift */ = {isa = PBXFileReference; fileEncoding = 4; lastKnownFileType = sourcecode.swift; path = MIDIDrawView.swift; sourceTree = "<group>"; };
		D7A1E74E1BEE8DB8002F0B4A /* ProgressionSet1.mid */ = {isa = PBXFileReference; lastKnownFileType = audio.midi; path = ProgressionSet1.mid; sourceTree = "<group>"; };
		D7A1E7511BEE8DBF002F0B4A /* TestDataSet1.aicomp */ = {isa = PBXFileReference; lastKnownFileType = file.bplist; path = TestDataSet1.aicomp; sourceTree = "<group>"; };
		D7A6AC951C00A3D000B57BAA /* MusicComposition.swift */ = {isa = PBXFileReference; fileEncoding = 4; lastKnownFileType = sourcecode.swift; path = MusicComposition.swift; sourceTree = "<group>"; };
		D7B924B01C051EF2008DB12A /* CompositionFileCellView.swift */ = {isa = PBXFileReference; fileEncoding = 4; lastKnownFileType = sourcecode.swift; path = CompositionFileCellView.swift; sourceTree = "<group>"; };
		D7B924B41C05F844008DB12A /* MusicMeasure.swift */ = {isa = PBXFileReference; fileEncoding = 4; lastKnownFileType = sourcecode.swift; path = MusicMeasure.swift; sourceTree = "<group>"; };
		D7D098161BF62D2700256B9C /* ComposerController.swift */ = {isa = PBXFileReference; fileEncoding = 4; lastKnownFileType = sourcecode.swift; path = ComposerController.swift; sourceTree = "<group>"; };
/* End PBXFileReference section */

/* Begin PBXFrameworksBuildPhase section */
		D741D8251BE3E93F003B3B00 /* Frameworks */ = {
			isa = PBXFrameworksBuildPhase;
			buildActionMask = 2147483647;
			files = (
			);
			runOnlyForDeploymentPostprocessing = 0;
		};
		D741D8391BE3E93F003B3B00 /* Frameworks */ = {
			isa = PBXFrameworksBuildPhase;
			buildActionMask = 2147483647;
			files = (
			);
			runOnlyForDeploymentPostprocessing = 0;
		};
/* End PBXFrameworksBuildPhase section */

/* Begin PBXGroup section */
		D741D81F1BE3E93E003B3B00 = {
			isa = PBXGroup;
			children = (
				D72C46391BE511F5000E12B4 /* 32MbGMStereo.sf2 */,
				D74F2EA91BEA58DB00F62DA6 /* Bach-Melody-WithCC20.mid */,
				D74F2EAA1BEA58DB00F62DA6 /* Sample Melody With CC20 Markers.mid */,
				D7A1E74E1BEE8DB8002F0B4A /* ProgressionSet1.mid */,
				D7A1E7511BEE8DBF002F0B4A /* TestDataSet1.aicomp */,
				D741D82A1BE3E93F003B3B00 /* AIComposer */,
				D741D83F1BE3E93F003B3B00 /* AIComposerTests */,
				D741D8291BE3E93F003B3B00 /* Products */,
			);
			sourceTree = "<group>";
		};
		D741D8291BE3E93F003B3B00 /* Products */ = {
			isa = PBXGroup;
			children = (
				D741D8281BE3E93F003B3B00 /* AIComposer.app */,
				D741D83C1BE3E93F003B3B00 /* AIComposerTests.xctest */,
			);
			name = Products;
			sourceTree = "<group>";
		};
		D741D82A1BE3E93F003B3B00 /* AIComposer */ = {
			isa = PBXGroup;
			children = (
				D741D82B1BE3E93F003B3B00 /* AppDelegate.swift */,
				D79141D11C0205DE00574ADE /* ClassExtensions.swift */,
				D7B924B31C05F787008DB12A /* View */,
				D79539421C06020B0023F3C0 /* Music Objects */,
				D741D84B1BE3E966003B3B00 /* MIDIFileParser.swift */,
				D79539431C0602430023F3C0 /* MIDIManager.swift */,
				D748B69F1BFF5D0A00BF26FF /* MIDIFilePlayer.swift */,
				D7D098161BF62D2700256B9C /* ComposerController.swift */,
				D741D82F1BE3E93F003B3B00 /* Document.xib */,
				D741D8321BE3E93F003B3B00 /* Assets.xcassets */,
				D741D8341BE3E93F003B3B00 /* MainMenu.xib */,
				D741D8371BE3E93F003B3B00 /* Info.plist */,
			);
			path = AIComposer;
			sourceTree = "<group>";
		};
		D741D83F1BE3E93F003B3B00 /* AIComposerTests */ = {
			isa = PBXGroup;
			children = (
				D741D8401BE3E93F003B3B00 /* AIComposerTests.swift */,
				D741D8421BE3E93F003B3B00 /* Info.plist */,
			);
			path = AIComposerTests;
			sourceTree = "<group>";
		};
		D79539421C06020B0023F3C0 /* Music Objects */ = {
			isa = PBXGroup;
			children = (
				D741D84C1BE3E966003B3B00 /* MusicNote.swift */,
				D741D84D1BE3E966003B3B00 /* MusicChord.swift */,
				D741D84E1BE3E966003B3B00 /* MusicSnippet.swift */,
				D7B924B41C05F844008DB12A /* MusicMeasure.swift */,
				D79539461C06181D0023F3C0 /* MusicPart.swift */,
				D7A1E7421BED16EC002F0B4A /* MusicChordProgression.swift */,
				D7A6AC951C00A3D000B57BAA /* MusicComposition.swift */,
				D741D84F1BE3E966003B3B00 /* MusicDataSet.swift */,
			);
			name = "Music Objects";
			sourceTree = "<group>";
		};
		D7B924B31C05F787008DB12A /* View */ = {
			isa = PBXGroup;
			children = (
				D741D82D1BE3E93F003B3B00 /* Document.swift */,
				D7A1E7451BED4F8B002F0B4A /* ChordProgressionCellView.swift */,
				D7B924B01C051EF2008DB12A /* CompositionFileCellView.swift */,
				D7A1E7481BEE7D41002F0B4A /* MusicSnippetCellView.swift */,
				D7A1E74B1BEE7E3C002F0B4A /* MIDIDrawView.swift */,
			);
			name = View;
			sourceTree = "<group>";
		};
/* End PBXGroup section */

/* Begin PBXNativeTarget section */
		D741D8271BE3E93F003B3B00 /* AIComposer */ = {
			isa = PBXNativeTarget;
			buildConfigurationList = D741D8451BE3E93F003B3B00 /* Build configuration list for PBXNativeTarget "AIComposer" */;
			buildPhases = (
				D741D8241BE3E93F003B3B00 /* Sources */,
				D741D8251BE3E93F003B3B00 /* Frameworks */,
				D741D8261BE3E93F003B3B00 /* Resources */,
			);
			buildRules = (
			);
			dependencies = (
			);
			name = AIComposer;
			productName = AIComposer;
			productReference = D741D8281BE3E93F003B3B00 /* AIComposer.app */;
			productType = "com.apple.product-type.application";
		};
		D741D83B1BE3E93F003B3B00 /* AIComposerTests */ = {
			isa = PBXNativeTarget;
			buildConfigurationList = D741D8481BE3E93F003B3B00 /* Build configuration list for PBXNativeTarget "AIComposerTests" */;
			buildPhases = (
				D741D8381BE3E93F003B3B00 /* Sources */,
				D741D8391BE3E93F003B3B00 /* Frameworks */,
				D741D83A1BE3E93F003B3B00 /* Resources */,
			);
			buildRules = (
			);
			dependencies = (
				D741D83E1BE3E93F003B3B00 /* PBXTargetDependency */,
			);
			name = AIComposerTests;
			productName = AIComposerTests;
			productReference = D741D83C1BE3E93F003B3B00 /* AIComposerTests.xctest */;
			productType = "com.apple.product-type.bundle.unit-test";
		};
/* End PBXNativeTarget section */

/* Begin PBXProject section */
		D741D8201BE3E93E003B3B00 /* Project object */ = {
			isa = PBXProject;
			attributes = {
				LastUpgradeCheck = 0700;
				ORGANIZATIONNAME = "Jess Hendricks";
				TargetAttributes = {
					D741D8271BE3E93F003B3B00 = {
						CreatedOnToolsVersion = 7.0;
					};
					D741D83B1BE3E93F003B3B00 = {
						CreatedOnToolsVersion = 7.0;
						TestTargetID = D741D8271BE3E93F003B3B00;
					};
				};
			};
			buildConfigurationList = D741D8231BE3E93E003B3B00 /* Build configuration list for PBXProject "AIComposer" */;
			compatibilityVersion = "Xcode 3.2";
			developmentRegion = English;
			hasScannedForEncodings = 0;
			knownRegions = (
				en,
				Base,
			);
			mainGroup = D741D81F1BE3E93E003B3B00;
			productRefGroup = D741D8291BE3E93F003B3B00 /* Products */;
			projectDirPath = "";
			projectRoot = "";
			targets = (
				D741D8271BE3E93F003B3B00 /* AIComposer */,
				D741D83B1BE3E93F003B3B00 /* AIComposerTests */,
			);
		};
/* End PBXProject section */

/* Begin PBXResourcesBuildPhase section */
		D741D8261BE3E93F003B3B00 /* Resources */ = {
			isa = PBXResourcesBuildPhase;
			buildActionMask = 2147483647;
			files = (
				D74F2EAD1BEA58DB00F62DA6 /* Sample Melody With CC20 Markers.mid in Resources */,
				D7A1E7521BEE8DBF002F0B4A /* TestDataSet1.aicomp in Resources */,
				D7A1E74F1BEE8DB8002F0B4A /* ProgressionSet1.mid in Resources */,
				D74F2EAB1BEA58DB00F62DA6 /* Bach-Melody-WithCC20.mid in Resources */,
				D741D8331BE3E93F003B3B00 /* Assets.xcassets in Resources */,
				D741D8311BE3E93F003B3B00 /* Document.xib in Resources */,
				D72C463E1BE511F5000E12B4 /* 32MbGMStereo.sf2 in Resources */,
				D741D8361BE3E93F003B3B00 /* MainMenu.xib in Resources */,
			);
			runOnlyForDeploymentPostprocessing = 0;
		};
		D741D83A1BE3E93F003B3B00 /* Resources */ = {
			isa = PBXResourcesBuildPhase;
			buildActionMask = 2147483647;
			files = (
				D74F2EAE1BEA58DB00F62DA6 /* Sample Melody With CC20 Markers.mid in Resources */,
				D74F2EAC1BEA58DB00F62DA6 /* Bach-Melody-WithCC20.mid in Resources */,
				D7A1E7531BEE8DBF002F0B4A /* TestDataSet1.aicomp in Resources */,
				D72C463F1BE511F5000E12B4 /* 32MbGMStereo.sf2 in Resources */,
				D7A1E7501BEE8DB8002F0B4A /* ProgressionSet1.mid in Resources */,
			);
			runOnlyForDeploymentPostprocessing = 0;
		};
/* End PBXResourcesBuildPhase section */

/* Begin PBXSourcesBuildPhase section */
		D741D8241BE3E93F003B3B00 /* Sources */ = {
			isa = PBXSourcesBuildPhase;
			buildActionMask = 2147483647;
			files = (
				D741D8581BE3E966003B3B00 /* MusicDataSet.swift in Sources */,
				D741D82E1BE3E93F003B3B00 /* Document.swift in Sources */,
				D7A1E7461BED4F8B002F0B4A /* ChordProgressionCellView.swift in Sources */,
				D7A1E7431BED16EC002F0B4A /* MusicChordProgression.swift in Sources */,
				D741D8521BE3E966003B3B00 /* MusicNote.swift in Sources */,
				D79539471C06181D0023F3C0 /* MusicPart.swift in Sources */,
				D79141D21C0205DE00574ADE /* ClassExtensions.swift in Sources */,
				D7A6AC961C00A3D000B57BAA /* MusicComposition.swift in Sources */,
				D7B924B11C051EF2008DB12A /* CompositionFileCellView.swift in Sources */,
				D79539441C0602430023F3C0 /* MIDIManager.swift in Sources */,
				D748B6A01BFF5D0A00BF26FF /* MIDIFilePlayer.swift in Sources */,
				D741D8501BE3E966003B3B00 /* MIDIFileParser.swift in Sources */,
				D7A1E74C1BEE7E3C002F0B4A /* MIDIDrawView.swift in Sources */,
				D7A1E7491BEE7D41002F0B4A /* MusicSnippetCellView.swift in Sources */,
				D741D8541BE3E966003B3B00 /* MusicChord.swift in Sources */,
				D741D82C1BE3E93F003B3B00 /* AppDelegate.swift in Sources */,
				D7B924B51C05F844008DB12A /* MusicMeasure.swift in Sources */,
				D741D8561BE3E966003B3B00 /* MusicSnippet.swift in Sources */,
				D7D098171BF62D2700256B9C /* ComposerController.swift in Sources */,
			);
			runOnlyForDeploymentPostprocessing = 0;
		};
		D741D8381BE3E93F003B3B00 /* Sources */ = {
			isa = PBXSourcesBuildPhase;
			buildActionMask = 2147483647;
			files = (
				D7B924B61C05F844008DB12A /* MusicMeasure.swift in Sources */,
				D7A1E7441BED16EC002F0B4A /* MusicChordProgression.swift in Sources */,
				D7B924B21C051EF2008DB12A /* CompositionFileCellView.swift in Sources */,
				D70F71D41BF673BC007CD716 /* ComposerController.swift in Sources */,
				D79539451C0602430023F3C0 /* MIDIManager.swift in Sources */,
				D741D8591BE3E966003B3B00 /* MusicDataSet.swift in Sources */,
				D741D8571BE3E966003B3B00 /* MusicSnippet.swift in Sources */,
				D7A1E7471BED4F8B002F0B4A /* ChordProgressionCellView.swift in Sources */,
				D79539481C06181D0023F3C0 /* MusicPart.swift in Sources */,
				D741D8551BE3E966003B3B00 /* MusicChord.swift in Sources */,
				D79141D31C0205DE00574ADE /* ClassExtensions.swift in Sources */,
				D7A1E74A1BEE7D41002F0B4A /* MusicSnippetCellView.swift in Sources */,
				D748B6A11BFF6C4900BF26FF /* MIDIFilePlayer.swift in Sources */,
				D741D8411BE3E93F003B3B00 /* AIComposerTests.swift in Sources */,
				D7A6AC971C00A3D000B57BAA /* MusicComposition.swift in Sources */,
				D7A1E74D1BEE7E3C002F0B4A /* MIDIDrawView.swift in Sources */,
				D741D8531BE3E966003B3B00 /* MusicNote.swift in Sources */,
				D741D8511BE3E966003B3B00 /* MIDIFileParser.swift in Sources */,
			);
			runOnlyForDeploymentPostprocessing = 0;
		};
/* End PBXSourcesBuildPhase section */

/* Begin PBXTargetDependency section */
		D741D83E1BE3E93F003B3B00 /* PBXTargetDependency */ = {
			isa = PBXTargetDependency;
			target = D741D8271BE3E93F003B3B00 /* AIComposer */;
			targetProxy = D741D83D1BE3E93F003B3B00 /* PBXContainerItemProxy */;
		};
/* End PBXTargetDependency section */

/* Begin PBXVariantGroup section */
		D741D82F1BE3E93F003B3B00 /* Document.xib */ = {
			isa = PBXVariantGroup;
			children = (
				D741D8301BE3E93F003B3B00 /* Base */,
			);
			name = Document.xib;
			sourceTree = "<group>";
		};
		D741D8341BE3E93F003B3B00 /* MainMenu.xib */ = {
			isa = PBXVariantGroup;
			children = (
				D741D8351BE3E93F003B3B00 /* Base */,
			);
			name = MainMenu.xib;
			sourceTree = "<group>";
		};
/* End PBXVariantGroup section */

/* Begin XCBuildConfiguration section */
		D741D8431BE3E93F003B3B00 /* Debug */ = {
			isa = XCBuildConfiguration;
			buildSettings = {
				ALWAYS_SEARCH_USER_PATHS = NO;
				CLANG_CXX_LANGUAGE_STANDARD = "gnu++0x";
				CLANG_CXX_LIBRARY = "libc++";
				CLANG_ENABLE_MODULES = YES;
				CLANG_ENABLE_OBJC_ARC = YES;
				CLANG_WARN_BOOL_CONVERSION = YES;
				CLANG_WARN_CONSTANT_CONVERSION = YES;
				CLANG_WARN_DIRECT_OBJC_ISA_USAGE = YES_ERROR;
				CLANG_WARN_EMPTY_BODY = YES;
				CLANG_WARN_ENUM_CONVERSION = YES;
				CLANG_WARN_INT_CONVERSION = YES;
				CLANG_WARN_OBJC_ROOT_CLASS = YES_ERROR;
				CLANG_WARN_UNREACHABLE_CODE = YES;
				CLANG_WARN__DUPLICATE_METHOD_MATCH = YES;
				CODE_SIGN_IDENTITY = "-";
				COPY_PHASE_STRIP = NO;
				DEBUG_INFORMATION_FORMAT = dwarf;
				ENABLE_STRICT_OBJC_MSGSEND = YES;
				ENABLE_TESTABILITY = YES;
				GCC_C_LANGUAGE_STANDARD = gnu99;
				GCC_DYNAMIC_NO_PIC = NO;
				GCC_NO_COMMON_BLOCKS = YES;
				GCC_OPTIMIZATION_LEVEL = 0;
				GCC_PREPROCESSOR_DEFINITIONS = (
					"DEBUG=1",
					"$(inherited)",
				);
				GCC_WARN_64_TO_32_BIT_CONVERSION = YES;
				GCC_WARN_ABOUT_RETURN_TYPE = YES_ERROR;
				GCC_WARN_UNDECLARED_SELECTOR = YES;
				GCC_WARN_UNINITIALIZED_AUTOS = YES_AGGRESSIVE;
				GCC_WARN_UNUSED_FUNCTION = YES;
				GCC_WARN_UNUSED_VARIABLE = YES;
				MACOSX_DEPLOYMENT_TARGET = 10.10;
				MTL_ENABLE_DEBUG_INFO = YES;
				ONLY_ACTIVE_ARCH = YES;
				SDKROOT = macosx;
				SWIFT_OPTIMIZATION_LEVEL = "-Onone";
			};
			name = Debug;
		};
		D741D8441BE3E93F003B3B00 /* Release */ = {
			isa = XCBuildConfiguration;
			buildSettings = {
				ALWAYS_SEARCH_USER_PATHS = NO;
				CLANG_CXX_LANGUAGE_STANDARD = "gnu++0x";
				CLANG_CXX_LIBRARY = "libc++";
				CLANG_ENABLE_MODULES = YES;
				CLANG_ENABLE_OBJC_ARC = YES;
				CLANG_WARN_BOOL_CONVERSION = YES;
				CLANG_WARN_CONSTANT_CONVERSION = YES;
				CLANG_WARN_DIRECT_OBJC_ISA_USAGE = YES_ERROR;
				CLANG_WARN_EMPTY_BODY = YES;
				CLANG_WARN_ENUM_CONVERSION = YES;
				CLANG_WARN_INT_CONVERSION = YES;
				CLANG_WARN_OBJC_ROOT_CLASS = YES_ERROR;
				CLANG_WARN_UNREACHABLE_CODE = YES;
				CLANG_WARN__DUPLICATE_METHOD_MATCH = YES;
				CODE_SIGN_IDENTITY = "-";
				COPY_PHASE_STRIP = NO;
				DEBUG_INFORMATION_FORMAT = "dwarf-with-dsym";
				ENABLE_NS_ASSERTIONS = NO;
				ENABLE_STRICT_OBJC_MSGSEND = YES;
				GCC_C_LANGUAGE_STANDARD = gnu99;
				GCC_NO_COMMON_BLOCKS = YES;
				GCC_WARN_64_TO_32_BIT_CONVERSION = YES;
				GCC_WARN_ABOUT_RETURN_TYPE = YES_ERROR;
				GCC_WARN_UNDECLARED_SELECTOR = YES;
				GCC_WARN_UNINITIALIZED_AUTOS = YES_AGGRESSIVE;
				GCC_WARN_UNUSED_FUNCTION = YES;
				GCC_WARN_UNUSED_VARIABLE = YES;
				MACOSX_DEPLOYMENT_TARGET = 10.10;
				MTL_ENABLE_DEBUG_INFO = NO;
				SDKROOT = macosx;
			};
			name = Release;
		};
		D741D8461BE3E93F003B3B00 /* Debug */ = {
			isa = XCBuildConfiguration;
			buildSettings = {
				ASSETCATALOG_COMPILER_APPICON_NAME = AppIcon;
				COMBINE_HIDPI_IMAGES = YES;
				INFOPLIST_FILE = AIComposer/Info.plist;
				LD_RUNPATH_SEARCH_PATHS = "$(inherited) @executable_path/../Frameworks";
				PRODUCT_BUNDLE_IDENTIFIER = com.ExistentialMusic.AIComposer;
				PRODUCT_NAME = "$(TARGET_NAME)";
			};
			name = Debug;
		};
		D741D8471BE3E93F003B3B00 /* Release */ = {
			isa = XCBuildConfiguration;
			buildSettings = {
				ASSETCATALOG_COMPILER_APPICON_NAME = AppIcon;
				COMBINE_HIDPI_IMAGES = YES;
				INFOPLIST_FILE = AIComposer/Info.plist;
				LD_RUNPATH_SEARCH_PATHS = "$(inherited) @executable_path/../Frameworks";
				PRODUCT_BUNDLE_IDENTIFIER = com.ExistentialMusic.AIComposer;
				PRODUCT_NAME = "$(TARGET_NAME)";
			};
			name = Release;
		};
		D741D8491BE3E93F003B3B00 /* Debug */ = {
			isa = XCBuildConfiguration;
			buildSettings = {
				BUNDLE_LOADER = "$(TEST_HOST)";
				COMBINE_HIDPI_IMAGES = YES;
				INFOPLIST_FILE = AIComposerTests/Info.plist;
				LD_RUNPATH_SEARCH_PATHS = "$(inherited) @executable_path/../Frameworks @loader_path/../Frameworks";
				PRODUCT_BUNDLE_IDENTIFIER = com.ExistentialMusic.AIComposerTests;
				PRODUCT_NAME = "$(TARGET_NAME)";
				TEST_HOST = "$(BUILT_PRODUCTS_DIR)/AIComposer.app/Contents/MacOS/AIComposer";
			};
			name = Debug;
		};
		D741D84A1BE3E93F003B3B00 /* Release */ = {
			isa = XCBuildConfiguration;
			buildSettings = {
				BUNDLE_LOADER = "$(TEST_HOST)";
				COMBINE_HIDPI_IMAGES = YES;
				INFOPLIST_FILE = AIComposerTests/Info.plist;
				LD_RUNPATH_SEARCH_PATHS = "$(inherited) @executable_path/../Frameworks @loader_path/../Frameworks";
				PRODUCT_BUNDLE_IDENTIFIER = com.ExistentialMusic.AIComposerTests;
				PRODUCT_NAME = "$(TARGET_NAME)";
				TEST_HOST = "$(BUILT_PRODUCTS_DIR)/AIComposer.app/Contents/MacOS/AIComposer";
			};
			name = Release;
		};
/* End XCBuildConfiguration section */

/* Begin XCConfigurationList section */
		D741D8231BE3E93E003B3B00 /* Build configuration list for PBXProject "AIComposer" */ = {
			isa = XCConfigurationList;
			buildConfigurations = (
				D741D8431BE3E93F003B3B00 /* Debug */,
				D741D8441BE3E93F003B3B00 /* Release */,
			);
			defaultConfigurationIsVisible = 0;
			defaultConfigurationName = Release;
		};
		D741D8451BE3E93F003B3B00 /* Build configuration list for PBXNativeTarget "AIComposer" */ = {
			isa = XCConfigurationList;
			buildConfigurations = (
				D741D8461BE3E93F003B3B00 /* Debug */,
				D741D8471BE3E93F003B3B00 /* Release */,
			);
			defaultConfigurationIsVisible = 0;
			defaultConfigurationName = Release;
		};
		D741D8481BE3E93F003B3B00 /* Build configuration list for PBXNativeTarget "AIComposerTests" */ = {
			isa = XCConfigurationList;
			buildConfigurations = (
				D741D8491BE3E93F003B3B00 /* Debug */,
				D741D84A1BE3E93F003B3B00 /* Release */,
			);
			defaultConfigurationIsVisible = 0;
			defaultConfigurationName = Release;
		};
/* End XCConfigurationList section */
	};
	rootObject = D741D8201BE3E93E003B3B00 /* Project object */;
}
